// !$*UTF8*$!
{
	archiveVersion = 1;
	classes = {
	};
	objectVersion = 46;
	objects = {

/* Begin PBXBuildFile section */
		2209BDE81CE2E13B001FBAC7 /* IVGrid.storyboard in Resources */ = {isa = PBXBuildFile; fileRef = 2209BDE71CE2E13B001FBAC7 /* IVGrid.storyboard */; };
		2209BDEB1CE2E16E001FBAC7 /* IVGridViewController.m in Sources */ = {isa = PBXBuildFile; fileRef = 2209BDEA1CE2E16E001FBAC7 /* IVGridViewController.m */; };
		2209BDEF1CE2F137001FBAC7 /* GridCell.m in Sources */ = {isa = PBXBuildFile; fileRef = 2209BDED1CE2F137001FBAC7 /* GridCell.m */; };
		2209BDF31CE2FACE001FBAC7 /* IVImageDownload.m in Sources */ = {isa = PBXBuildFile; fileRef = 2209BDF21CE2FACE001FBAC7 /* IVImageDownload.m */; };
		223709BF1CE2CCF600A54881 /* main.m in Sources */ = {isa = PBXBuildFile; fileRef = 223709BE1CE2CCF600A54881 /* main.m */; };
		223709C21CE2CCF600A54881 /* AppDelegate.m in Sources */ = {isa = PBXBuildFile; fileRef = 223709C11CE2CCF600A54881 /* AppDelegate.m */; };
		223709C51CE2CCF600A54881 /* ViewController.m in Sources */ = {isa = PBXBuildFile; fileRef = 223709C41CE2CCF600A54881 /* ViewController.m */; };
		223709C81CE2CCF600A54881 /* Main.storyboard in Resources */ = {isa = PBXBuildFile; fileRef = 223709C61CE2CCF600A54881 /* Main.storyboard */; };
		223709CA1CE2CCF600A54881 /* Assets.xcassets in Resources */ = {isa = PBXBuildFile; fileRef = 223709C91CE2CCF600A54881 /* Assets.xcassets */; };
		223709CD1CE2CCF600A54881 /* LaunchScreen.storyboard in Resources */ = {isa = PBXBuildFile; fileRef = 223709CB1CE2CCF600A54881 /* LaunchScreen.storyboard */; };
		22452EF31CFD6F2400C13937 /* RoundedConerView.m in Sources */ = {isa = PBXBuildFile; fileRef = 22452EF21CFD6F2400C13937 /* RoundedConerView.m */; };
		225353161CF6E05800DFA036 /* IVGridLayout.m in Sources */ = {isa = PBXBuildFile; fileRef = 225353151CF6E05800DFA036 /* IVGridLayout.m */; };
		227283A31D0AA0A600FF53C4 /* CocoaLumberjack.framework in Frameworks */ = {isa = PBXBuildFile; fileRef = 227283A21D0AA0A600FF53C4 /* CocoaLumberjack.framework */; };
		22C1C0061CED81EE00288149 /* DownloadJSON.m in Sources */ = {isa = PBXBuildFile; fileRef = 22C1BFF11CED81EE00288149 /* DownloadJSON.m */; };
		22C1C0071CED81EE00288149 /* ImageDatabase.m in Sources */ = {isa = PBXBuildFile; fileRef = 22C1BFF31CED81EE00288149 /* ImageDatabase.m */; };
		22C1C0081CED81EE00288149 /* ImageInfo.m in Sources */ = {isa = PBXBuildFile; fileRef = 22C1BFF51CED81EE00288149 /* ImageInfo.m */; };
		22C1C0091CED81EE00288149 /* ImageInfoManager.m in Sources */ = {isa = PBXBuildFile; fileRef = 22C1BFF71CED81EE00288149 /* ImageInfoManager.m */; };
		22C1C00A1CED81EE00288149 /* IVCacheManager.m in Sources */ = {isa = PBXBuildFile; fileRef = 22C1BFF91CED81EE00288149 /* IVCacheManager.m */; };
		22C1C00E1CED81EE00288149 /* PodcastDAO.m in Sources */ = {isa = PBXBuildFile; fileRef = 22C1C0011CED81EE00288149 /* PodcastDAO.m */; };
		22C1C00F1CED81EE00288149 /* PodcastDBManager.m in Sources */ = {isa = PBXBuildFile; fileRef = 22C1C0031CED81EE00288149 /* PodcastDBManager.m */; };
		22F60D811CF447A800D8BA03 /* EnumType.m in Sources */ = {isa = PBXBuildFile; fileRef = 22F60D801CF447A800D8BA03 /* EnumType.m */; };
		CE49393B1CE33A860096AC44 /* IVListTableViewController.m in Sources */ = {isa = PBXBuildFile; fileRef = CE4939381CE33A860096AC44 /* IVListTableViewController.m */; };
		CE49393C1CE33A860096AC44 /* Podcast.m in Sources */ = {isa = PBXBuildFile; fileRef = CE49393A1CE33A860096AC44 /* Podcast.m */; };
		CE49393E1CE33ABF0096AC44 /* libsqlite3.tbd in Frameworks */ = {isa = PBXBuildFile; fileRef = CE49393D1CE33ABF0096AC44 /* libsqlite3.tbd */; };
		CE4939401CE33B4E0096AC44 /* IVList.storyboard in Resources */ = {isa = PBXBuildFile; fileRef = CE49393F1CE33B4E0096AC44 /* IVList.storyboard */; };
		CEC9289D1D0AB6EF00CFDAE4 /* IVSearchViewController.m in Sources */ = {isa = PBXBuildFile; fileRef = CEC9289C1D0AB6EF00CFDAE4 /* IVSearchViewController.m */; };
		CEC9EFDF1D0EBA8300A99B31 /* IVSearch.storyboard in Resources */ = {isa = PBXBuildFile; fileRef = CEC9EFDE1D0EBA8300A99B31 /* IVSearch.storyboard */; };
		CEDCBBD41D06A83600FEC1DA /* IVCollectionViewCell.m in Sources */ = {isa = PBXBuildFile; fileRef = CEDCBBD31D06A83600FEC1DA /* IVCollectionViewCell.m */; };
		CEF80C2E1CFD5261009AD81A /* IVScroll.storyboard in Resources */ = {isa = PBXBuildFile; fileRef = CEF80C241CFD5261009AD81A /* IVScroll.storyboard */; };
		CEF80C2F1CFD5261009AD81A /* IVScrollView.m in Sources */ = {isa = PBXBuildFile; fileRef = CEF80C261CFD5261009AD81A /* IVScrollView.m */; };
		CEF80C301CFD5261009AD81A /* IVTableViewCell.m in Sources */ = {isa = PBXBuildFile; fileRef = CEF80C281CFD5261009AD81A /* IVTableViewCell.m */; };
		CEF80C311CFD5261009AD81A /* MyViewController.m in Sources */ = {isa = PBXBuildFile; fileRef = CEF80C2A1CFD5261009AD81A /* MyViewController.m */; };
		CEF80C321CFD5261009AD81A /* MyViewController.xib in Resources */ = {isa = PBXBuildFile; fileRef = CEF80C2B1CFD5261009AD81A /* MyViewController.xib */; };
/* End PBXBuildFile section */

/* Begin PBXFileReference section */
		2209BDE71CE2E13B001FBAC7 /* IVGrid.storyboard */ = {isa = PBXFileReference; fileEncoding = 4; lastKnownFileType = file.storyboard; path = IVGrid.storyboard; sourceTree = "<group>"; };
		2209BDE91CE2E16E001FBAC7 /* IVGridViewController.h */ = {isa = PBXFileReference; fileEncoding = 4; lastKnownFileType = sourcecode.c.h; path = IVGridViewController.h; sourceTree = "<group>"; };
		2209BDEA1CE2E16E001FBAC7 /* IVGridViewController.m */ = {isa = PBXFileReference; fileEncoding = 4; lastKnownFileType = sourcecode.c.objc; path = IVGridViewController.m; sourceTree = "<group>"; };
		2209BDEC1CE2F137001FBAC7 /* GridCell.h */ = {isa = PBXFileReference; fileEncoding = 4; lastKnownFileType = sourcecode.c.h; path = GridCell.h; sourceTree = "<group>"; };
		2209BDED1CE2F137001FBAC7 /* GridCell.m */ = {isa = PBXFileReference; fileEncoding = 4; lastKnownFileType = sourcecode.c.objc; path = GridCell.m; sourceTree = "<group>"; };
		2209BDF11CE2FACE001FBAC7 /* IVImageDownload.h */ = {isa = PBXFileReference; fileEncoding = 4; lastKnownFileType = sourcecode.c.h; path = IVImageDownload.h; sourceTree = "<group>"; };
		2209BDF21CE2FACE001FBAC7 /* IVImageDownload.m */ = {isa = PBXFileReference; fileEncoding = 4; lastKnownFileType = sourcecode.c.objc; path = IVImageDownload.m; sourceTree = "<group>"; };
		223709BA1CE2CCF600A54881 /* ImageViewer.app */ = {isa = PBXFileReference; explicitFileType = wrapper.application; includeInIndex = 0; path = ImageViewer.app; sourceTree = BUILT_PRODUCTS_DIR; };
		223709BE1CE2CCF600A54881 /* main.m */ = {isa = PBXFileReference; lastKnownFileType = sourcecode.c.objc; path = main.m; sourceTree = "<group>"; };
		223709C01CE2CCF600A54881 /* AppDelegate.h */ = {isa = PBXFileReference; lastKnownFileType = sourcecode.c.h; path = AppDelegate.h; sourceTree = "<group>"; };
		223709C11CE2CCF600A54881 /* AppDelegate.m */ = {isa = PBXFileReference; lastKnownFileType = sourcecode.c.objc; path = AppDelegate.m; sourceTree = "<group>"; };
		223709C31CE2CCF600A54881 /* ViewController.h */ = {isa = PBXFileReference; lastKnownFileType = sourcecode.c.h; path = ViewController.h; sourceTree = "<group>"; };
		223709C41CE2CCF600A54881 /* ViewController.m */ = {isa = PBXFileReference; lastKnownFileType = sourcecode.c.objc; path = ViewController.m; sourceTree = "<group>"; };
		223709C71CE2CCF600A54881 /* Base */ = {isa = PBXFileReference; lastKnownFileType = file.storyboard; name = Base; path = Base.lproj/Main.storyboard; sourceTree = "<group>"; };
		223709C91CE2CCF600A54881 /* Assets.xcassets */ = {isa = PBXFileReference; lastKnownFileType = folder.assetcatalog; path = Assets.xcassets; sourceTree = "<group>"; };
		223709CC1CE2CCF600A54881 /* Base */ = {isa = PBXFileReference; lastKnownFileType = file.storyboard; name = Base; path = Base.lproj/LaunchScreen.storyboard; sourceTree = "<group>"; };
		223709CE1CE2CCF600A54881 /* Info.plist */ = {isa = PBXFileReference; lastKnownFileType = text.plist.xml; path = Info.plist; sourceTree = "<group>"; };
		22452EF11CFD6F2400C13937 /* RoundedConerView.h */ = {isa = PBXFileReference; fileEncoding = 4; lastKnownFileType = sourcecode.c.h; path = RoundedConerView.h; sourceTree = "<group>"; };
		22452EF21CFD6F2400C13937 /* RoundedConerView.m */ = {isa = PBXFileReference; fileEncoding = 4; lastKnownFileType = sourcecode.c.objc; path = RoundedConerView.m; sourceTree = "<group>"; };
		225353141CF6E05800DFA036 /* IVGridLayout.h */ = {isa = PBXFileReference; fileEncoding = 4; lastKnownFileType = sourcecode.c.h; path = IVGridLayout.h; sourceTree = "<group>"; };
		225353151CF6E05800DFA036 /* IVGridLayout.m */ = {isa = PBXFileReference; fileEncoding = 4; lastKnownFileType = sourcecode.c.objc; path = IVGridLayout.m; sourceTree = "<group>"; };
		227283A21D0AA0A600FF53C4 /* CocoaLumberjack.framework */ = {isa = PBXFileReference; lastKnownFileType = wrapper.framework; name = CocoaLumberjack.framework; path = Carthage/Build/iOS/CocoaLumberjack.framework; sourceTree = "<group>"; };
		227283A61D0AA61500FF53C4 /* PrefixHeader.pch */ = {isa = PBXFileReference; fileEncoding = 4; lastKnownFileType = sourcecode.c.h; path = PrefixHeader.pch; sourceTree = "<group>"; };
		22C1BFF01CED81EE00288149 /* DownloadJSON.h */ = {isa = PBXFileReference; fileEncoding = 4; lastKnownFileType = sourcecode.c.h; path = DownloadJSON.h; sourceTree = "<group>"; };
		22C1BFF11CED81EE00288149 /* DownloadJSON.m */ = {isa = PBXFileReference; fileEncoding = 4; lastKnownFileType = sourcecode.c.objc; path = DownloadJSON.m; sourceTree = "<group>"; };
		22C1BFF21CED81EE00288149 /* ImageDatabase.h */ = {isa = PBXFileReference; fileEncoding = 4; lastKnownFileType = sourcecode.c.h; path = ImageDatabase.h; sourceTree = "<group>"; };
		22C1BFF31CED81EE00288149 /* ImageDatabase.m */ = {isa = PBXFileReference; fileEncoding = 4; lastKnownFileType = sourcecode.c.objc; path = ImageDatabase.m; sourceTree = "<group>"; };
		22C1BFF41CED81EE00288149 /* ImageInfo.h */ = {isa = PBXFileReference; fileEncoding = 4; lastKnownFileType = sourcecode.c.h; path = ImageInfo.h; sourceTree = "<group>"; };
		22C1BFF51CED81EE00288149 /* ImageInfo.m */ = {isa = PBXFileReference; fileEncoding = 4; lastKnownFileType = sourcecode.c.objc; path = ImageInfo.m; sourceTree = "<group>"; };
		22C1BFF61CED81EE00288149 /* ImageInfoManager.h */ = {isa = PBXFileReference; fileEncoding = 4; lastKnownFileType = sourcecode.c.h; path = ImageInfoManager.h; sourceTree = "<group>"; };
		22C1BFF71CED81EE00288149 /* ImageInfoManager.m */ = {isa = PBXFileReference; fileEncoding = 4; lastKnownFileType = sourcecode.c.objc; path = ImageInfoManager.m; sourceTree = "<group>"; };
		22C1BFF81CED81EE00288149 /* IVCacheManager.h */ = {isa = PBXFileReference; fileEncoding = 4; lastKnownFileType = sourcecode.c.h; path = IVCacheManager.h; sourceTree = "<group>"; };
		22C1BFF91CED81EE00288149 /* IVCacheManager.m */ = {isa = PBXFileReference; fileEncoding = 4; lastKnownFileType = sourcecode.c.objc; path = IVCacheManager.m; sourceTree = "<group>"; };
		22C1C0001CED81EE00288149 /* PodcastDAO.h */ = {isa = PBXFileReference; fileEncoding = 4; lastKnownFileType = sourcecode.c.h; path = PodcastDAO.h; sourceTree = "<group>"; };
		22C1C0011CED81EE00288149 /* PodcastDAO.m */ = {isa = PBXFileReference; fileEncoding = 4; lastKnownFileType = sourcecode.c.objc; path = PodcastDAO.m; sourceTree = "<group>"; };
		22C1C0021CED81EE00288149 /* PodcastDBManager.h */ = {isa = PBXFileReference; fileEncoding = 4; lastKnownFileType = sourcecode.c.h; path = PodcastDBManager.h; sourceTree = "<group>"; };
		22C1C0031CED81EE00288149 /* PodcastDBManager.m */ = {isa = PBXFileReference; fileEncoding = 4; lastKnownFileType = sourcecode.c.objc; path = PodcastDBManager.m; sourceTree = "<group>"; };
		22F60D7F1CF447A800D8BA03 /* EnumType.h */ = {isa = PBXFileReference; fileEncoding = 4; lastKnownFileType = sourcecode.c.h; path = EnumType.h; sourceTree = "<group>"; };
		22F60D801CF447A800D8BA03 /* EnumType.m */ = {isa = PBXFileReference; fileEncoding = 4; lastKnownFileType = sourcecode.c.objc; path = EnumType.m; sourceTree = "<group>"; };
		CE4939371CE33A860096AC44 /* IVListTableViewController.h */ = {isa = PBXFileReference; fileEncoding = 4; lastKnownFileType = sourcecode.c.h; path = IVListTableViewController.h; sourceTree = "<group>"; };
		CE4939381CE33A860096AC44 /* IVListTableViewController.m */ = {isa = PBXFileReference; fileEncoding = 4; lastKnownFileType = sourcecode.c.objc; path = IVListTableViewController.m; sourceTree = "<group>"; };
		CE4939391CE33A860096AC44 /* Podcast.h */ = {isa = PBXFileReference; fileEncoding = 4; lastKnownFileType = sourcecode.c.h; path = Podcast.h; sourceTree = "<group>"; };
		CE49393A1CE33A860096AC44 /* Podcast.m */ = {isa = PBXFileReference; fileEncoding = 4; lastKnownFileType = sourcecode.c.objc; path = Podcast.m; sourceTree = "<group>"; };
		CE49393D1CE33ABF0096AC44 /* libsqlite3.tbd */ = {isa = PBXFileReference; lastKnownFileType = "sourcecode.text-based-dylib-definition"; name = libsqlite3.tbd; path = usr/lib/libsqlite3.tbd; sourceTree = SDKROOT; };
		CE49393F1CE33B4E0096AC44 /* IVList.storyboard */ = {isa = PBXFileReference; fileEncoding = 4; lastKnownFileType = file.storyboard; path = IVList.storyboard; sourceTree = "<group>"; };
		CEC9289B1D0AB6EF00CFDAE4 /* IVSearchViewController.h */ = {isa = PBXFileReference; fileEncoding = 4; lastKnownFileType = sourcecode.c.h; path = IVSearchViewController.h; sourceTree = "<group>"; };
		CEC9289C1D0AB6EF00CFDAE4 /* IVSearchViewController.m */ = {isa = PBXFileReference; fileEncoding = 4; lastKnownFileType = sourcecode.c.objc; path = IVSearchViewController.m; sourceTree = "<group>"; };
		CEC9EFDE1D0EBA8300A99B31 /* IVSearch.storyboard */ = {isa = PBXFileReference; fileEncoding = 4; lastKnownFileType = file.storyboard; path = IVSearch.storyboard; sourceTree = "<group>"; };
		CEDCBBD21D06A83600FEC1DA /* IVCollectionViewCell.h */ = {isa = PBXFileReference; fileEncoding = 4; lastKnownFileType = sourcecode.c.h; path = IVCollectionViewCell.h; sourceTree = "<group>"; };
		CEDCBBD31D06A83600FEC1DA /* IVCollectionViewCell.m */ = {isa = PBXFileReference; fileEncoding = 4; lastKnownFileType = sourcecode.c.objc; path = IVCollectionViewCell.m; sourceTree = "<group>"; };
		CEF80C241CFD5261009AD81A /* IVScroll.storyboard */ = {isa = PBXFileReference; fileEncoding = 4; lastKnownFileType = file.storyboard; path = IVScroll.storyboard; sourceTree = "<group>"; };
		CEF80C251CFD5261009AD81A /* IVScrollView.h */ = {isa = PBXFileReference; fileEncoding = 4; lastKnownFileType = sourcecode.c.h; path = IVScrollView.h; sourceTree = "<group>"; };
		CEF80C261CFD5261009AD81A /* IVScrollView.m */ = {isa = PBXFileReference; fileEncoding = 4; lastKnownFileType = sourcecode.c.objc; path = IVScrollView.m; sourceTree = "<group>"; };
		CEF80C271CFD5261009AD81A /* IVTableViewCell.h */ = {isa = PBXFileReference; fileEncoding = 4; lastKnownFileType = sourcecode.c.h; path = IVTableViewCell.h; sourceTree = "<group>"; };
		CEF80C281CFD5261009AD81A /* IVTableViewCell.m */ = {isa = PBXFileReference; fileEncoding = 4; lastKnownFileType = sourcecode.c.objc; path = IVTableViewCell.m; sourceTree = "<group>"; };
		CEF80C291CFD5261009AD81A /* MyViewController.h */ = {isa = PBXFileReference; fileEncoding = 4; lastKnownFileType = sourcecode.c.h; path = MyViewController.h; sourceTree = "<group>"; };
		CEF80C2A1CFD5261009AD81A /* MyViewController.m */ = {isa = PBXFileReference; fileEncoding = 4; lastKnownFileType = sourcecode.c.objc; path = MyViewController.m; sourceTree = "<group>"; };
		CEF80C2B1CFD5261009AD81A /* MyViewController.xib */ = {isa = PBXFileReference; fileEncoding = 4; lastKnownFileType = file.xib; path = MyViewController.xib; sourceTree = "<group>"; };
/* End PBXFileReference section */

/* Begin PBXFrameworksBuildPhase section */
		223709B71CE2CCF600A54881 /* Frameworks */ = {
			isa = PBXFrameworksBuildPhase;
			buildActionMask = 2147483647;
			files = (
				CE49393E1CE33ABF0096AC44 /* libsqlite3.tbd in Frameworks */,
				227283A31D0AA0A600FF53C4 /* CocoaLumberjack.framework in Frameworks */,
			);
			runOnlyForDeploymentPostprocessing = 0;
		};
/* End PBXFrameworksBuildPhase section */

/* Begin PBXGroup section */
		223709B11CE2CCF600A54881 = {
			isa = PBXGroup;
			children = (
				227283A61D0AA61500FF53C4 /* PrefixHeader.pch */,
				CE49393D1CE33ABF0096AC44 /* libsqlite3.tbd */,
				227283A21D0AA0A600FF53C4 /* CocoaLumberjack.framework */,
				223709BC1CE2CCF600A54881 /* ImageViewer */,
				223709BB1CE2CCF600A54881 /* Products */,
			);
			sourceTree = "<group>";
		};
		223709BB1CE2CCF600A54881 /* Products */ = {
			isa = PBXGroup;
			children = (
				223709BA1CE2CCF600A54881 /* ImageViewer.app */,
			);
			name = Products;
			sourceTree = "<group>";
		};
		223709BC1CE2CCF600A54881 /* ImageViewer */ = {
			isa = PBXGroup;
			children = (
				CEC9EFE01D0EBA9100A99B31 /* Search */,
				22C1C0111CED843F00288149 /* ImageDatabase */,
				22C1C0161CED853600288149 /* Utility */,
				22C1C0131CED84A300288149 /* List */,
				22C1C0121CED845700288149 /* PodcastDatabase */,
				22C1C0151CED851500288149 /* App */,
				223709BD1CE2CCF600A54881 /* Supporting Files */,
				22F60D821CF447F400D8BA03 /* Common */,
				22C1C0141CED84ED00288149 /* Grid */,
				223709C91CE2CCF600A54881 /* Assets.xcassets */,
				223709CB1CE2CCF600A54881 /* LaunchScreen.storyboard */,
				223709CE1CE2CCF600A54881 /* Info.plist */,
			);
			path = ImageViewer;
			sourceTree = "<group>";
		};
		223709BD1CE2CCF600A54881 /* Supporting Files */ = {
			isa = PBXGroup;
			children = (
				223709BE1CE2CCF600A54881 /* main.m */,
			);
			name = "Supporting Files";
			sourceTree = "<group>";
		};
		22C1C0111CED843F00288149 /* ImageDatabase */ = {
			isa = PBXGroup;
			children = (
				22C1BFF21CED81EE00288149 /* ImageDatabase.h */,
				22C1BFF31CED81EE00288149 /* ImageDatabase.m */,
				22C1BFF41CED81EE00288149 /* ImageInfo.h */,
				22C1BFF51CED81EE00288149 /* ImageInfo.m */,
				22C1BFF61CED81EE00288149 /* ImageInfoManager.h */,
				22C1BFF71CED81EE00288149 /* ImageInfoManager.m */,
			);
			name = ImageDatabase;
			sourceTree = "<group>";
		};
		22C1C0121CED845700288149 /* PodcastDatabase */ = {
			isa = PBXGroup;
			children = (
				22C1C0001CED81EE00288149 /* PodcastDAO.h */,
				22C1C0011CED81EE00288149 /* PodcastDAO.m */,
				22C1C0021CED81EE00288149 /* PodcastDBManager.h */,
				22C1C0031CED81EE00288149 /* PodcastDBManager.m */,
				CE4939391CE33A860096AC44 /* Podcast.h */,
				CE49393A1CE33A860096AC44 /* Podcast.m */,
			);
			name = PodcastDatabase;
			sourceTree = "<group>";
		};
		22C1C0131CED84A300288149 /* List */ = {
			isa = PBXGroup;
			children = (
				CEF80C361CFD52C0009AD81A /* Scrollview */,
				CEF80C351CFD52A3009AD81A /* Tableview */,
			);
			name = List;
			sourceTree = "<group>";
		};
		22C1C0141CED84ED00288149 /* Grid */ = {
			isa = PBXGroup;
			children = (
				22452EF11CFD6F2400C13937 /* RoundedConerView.h */,
				22452EF21CFD6F2400C13937 /* RoundedConerView.m */,
				2209BDE91CE2E16E001FBAC7 /* IVGridViewController.h */,
				2209BDEA1CE2E16E001FBAC7 /* IVGridViewController.m */,
				2209BDEC1CE2F137001FBAC7 /* GridCell.h */,
				2209BDED1CE2F137001FBAC7 /* GridCell.m */,
				225353141CF6E05800DFA036 /* IVGridLayout.h */,
				225353151CF6E05800DFA036 /* IVGridLayout.m */,
				2209BDE71CE2E13B001FBAC7 /* IVGrid.storyboard */,
			);
			name = Grid;
			sourceTree = "<group>";
		};
		22C1C0151CED851500288149 /* App */ = {
			isa = PBXGroup;
			children = (
				223709C61CE2CCF600A54881 /* Main.storyboard */,
				223709C01CE2CCF600A54881 /* AppDelegate.h */,
				223709C11CE2CCF600A54881 /* AppDelegate.m */,
				223709C31CE2CCF600A54881 /* ViewController.h */,
				223709C41CE2CCF600A54881 /* ViewController.m */,
			);
			name = App;
			sourceTree = "<group>";
		};
		22C1C0161CED853600288149 /* Utility */ = {
			isa = PBXGroup;
			children = (
				22C1BFF81CED81EE00288149 /* IVCacheManager.h */,
				22C1BFF91CED81EE00288149 /* IVCacheManager.m */,
				2209BDF11CE2FACE001FBAC7 /* IVImageDownload.h */,
				2209BDF21CE2FACE001FBAC7 /* IVImageDownload.m */,
				22C1BFF01CED81EE00288149 /* DownloadJSON.h */,
				22C1BFF11CED81EE00288149 /* DownloadJSON.m */,
			);
			name = Utility;
			sourceTree = "<group>";
		};
		22F60D821CF447F400D8BA03 /* Common */ = {
			isa = PBXGroup;
			children = (
				22F60D7F1CF447A800D8BA03 /* EnumType.h */,
				22F60D801CF447A800D8BA03 /* EnumType.m */,
			);
			name = Common;
			sourceTree = "<group>";
		};
		CEC9EFE01D0EBA9100A99B31 /* Search */ = {
			isa = PBXGroup;
			children = (
				CEC9289B1D0AB6EF00CFDAE4 /* IVSearchViewController.h */,
				CEC9289C1D0AB6EF00CFDAE4 /* IVSearchViewController.m */,
				CEC9EFDE1D0EBA8300A99B31 /* IVSearch.storyboard */,
			);
			name = Search;
			sourceTree = "<group>";
		};
		CEF80C351CFD52A3009AD81A /* Tableview */ = {
			isa = PBXGroup;
			children = (
				CEF80C271CFD5261009AD81A /* IVTableViewCell.h */,
				CEF80C281CFD5261009AD81A /* IVTableViewCell.m */,
				CE4939371CE33A860096AC44 /* IVListTableViewController.h */,
				CE4939381CE33A860096AC44 /* IVListTableViewController.m */,
				CE49393F1CE33B4E0096AC44 /* IVList.storyboard */,
			);
			name = Tableview;
			sourceTree = "<group>";
		};
		CEF80C361CFD52C0009AD81A /* Scrollview */ = {
			isa = PBXGroup;
			children = (
				CEF80C251CFD5261009AD81A /* IVScrollView.h */,
				CEF80C261CFD5261009AD81A /* IVScrollView.m */,
				CEDCBBD21D06A83600FEC1DA /* IVCollectionViewCell.h */,
				CEDCBBD31D06A83600FEC1DA /* IVCollectionViewCell.m */,
				CEF80C291CFD5261009AD81A /* MyViewController.h */,
				CEF80C2A1CFD5261009AD81A /* MyViewController.m */,
				CEF80C241CFD5261009AD81A /* IVScroll.storyboard */,
				CEF80C2B1CFD5261009AD81A /* MyViewController.xib */,
			);
			name = Scrollview;
			sourceTree = "<group>";
		};
/* End PBXGroup section */

/* Begin PBXNativeTarget section */
		223709B91CE2CCF600A54881 /* ImageViewer */ = {
			isa = PBXNativeTarget;
			buildConfigurationList = 223709D11CE2CCF600A54881 /* Build configuration list for PBXNativeTarget "ImageViewer" */;
			buildPhases = (
				223709B61CE2CCF600A54881 /* Sources */,
				223709B71CE2CCF600A54881 /* Frameworks */,
				223709B81CE2CCF600A54881 /* Resources */,
				227283A41D0AA0CB00FF53C4 /* ShellScript */,
			);
			buildRules = (
			);
			dependencies = (
			);
			name = ImageViewer;
			productName = ImageViewer;
			productReference = 223709BA1CE2CCF600A54881 /* ImageViewer.app */;
			productType = "com.apple.product-type.application";
		};
/* End PBXNativeTarget section */

/* Begin PBXProject section */
		223709B21CE2CCF600A54881 /* Project object */ = {
			isa = PBXProject;
			attributes = {
				LastUpgradeCheck = 0730;
				ORGANIZATIONNAME = khaino;
				TargetAttributes = {
					223709B91CE2CCF600A54881 = {
						CreatedOnToolsVersion = 7.3;
					};
				};
			};
			buildConfigurationList = 223709B51CE2CCF600A54881 /* Build configuration list for PBXProject "ImageViewer" */;
			compatibilityVersion = "Xcode 3.2";
			developmentRegion = English;
			hasScannedForEncodings = 0;
			knownRegions = (
				en,
				Base,
			);
			mainGroup = 223709B11CE2CCF600A54881;
			productRefGroup = 223709BB1CE2CCF600A54881 /* Products */;
			projectDirPath = "";
			projectRoot = "";
			targets = (
				223709B91CE2CCF600A54881 /* ImageViewer */,
			);
		};
/* End PBXProject section */

/* Begin PBXResourcesBuildPhase section */
		223709B81CE2CCF600A54881 /* Resources */ = {
			isa = PBXResourcesBuildPhase;
			buildActionMask = 2147483647;
			files = (
				223709CD1CE2CCF600A54881 /* LaunchScreen.storyboard in Resources */,
				2209BDE81CE2E13B001FBAC7 /* IVGrid.storyboard in Resources */,
				CEF80C321CFD5261009AD81A /* MyViewController.xib in Resources */,
				223709CA1CE2CCF600A54881 /* Assets.xcassets in Resources */,
				CEF80C2E1CFD5261009AD81A /* IVScroll.storyboard in Resources */,
				223709C81CE2CCF600A54881 /* Main.storyboard in Resources */,
				CE4939401CE33B4E0096AC44 /* IVList.storyboard in Resources */,
				CEC9EFDF1D0EBA8300A99B31 /* IVSearch.storyboard in Resources */,
			);
			runOnlyForDeploymentPostprocessing = 0;
		};
/* End PBXResourcesBuildPhase section */

/* Begin PBXShellScriptBuildPhase section */
		227283A41D0AA0CB00FF53C4 /* ShellScript */ = {
			isa = PBXShellScriptBuildPhase;
			buildActionMask = 2147483647;
			files = (
			);
			inputPaths = (
				"$(SRCROOT)/Carthage/Build/iOS/CocoaLumberjack.framework",
			);
			outputPaths = (
			);
			runOnlyForDeploymentPostprocessing = 0;
			shellPath = /bin/sh;
			shellScript = "/usr/local/bin/carthage copy-frameworks";
		};
/* End PBXShellScriptBuildPhase section */

/* Begin PBXSourcesBuildPhase section */
		223709B61CE2CCF600A54881 /* Sources */ = {
			isa = PBXSourcesBuildPhase;
			buildActionMask = 2147483647;
			files = (
				CEF80C2F1CFD5261009AD81A /* IVScrollView.m in Sources */,
				CEC9289D1D0AB6EF00CFDAE4 /* IVSearchViewController.m in Sources */,
				22452EF31CFD6F2400C13937 /* RoundedConerView.m in Sources */,
				225353161CF6E05800DFA036 /* IVGridLayout.m in Sources */,
				CE49393B1CE33A860096AC44 /* IVListTableViewController.m in Sources */,
				CEDCBBD41D06A83600FEC1DA /* IVCollectionViewCell.m in Sources */,
				223709C51CE2CCF600A54881 /* ViewController.m in Sources */,
				2209BDEB1CE2E16E001FBAC7 /* IVGridViewController.m in Sources */,
				22C1C00F1CED81EE00288149 /* PodcastDBManager.m in Sources */,
				22F60D811CF447A800D8BA03 /* EnumType.m in Sources */,
				CEF80C301CFD5261009AD81A /* IVTableViewCell.m in Sources */,
				CE49393C1CE33A860096AC44 /* Podcast.m in Sources */,
				CEF80C311CFD5261009AD81A /* MyViewController.m in Sources */,
				22C1C0071CED81EE00288149 /* ImageDatabase.m in Sources */,
				2209BDF31CE2FACE001FBAC7 /* IVImageDownload.m in Sources */,
				22C1C00E1CED81EE00288149 /* PodcastDAO.m in Sources */,
				22C1C0081CED81EE00288149 /* ImageInfo.m in Sources */,
				22C1C0091CED81EE00288149 /* ImageInfoManager.m in Sources */,
				22C1C00A1CED81EE00288149 /* IVCacheManager.m in Sources */,
				223709C21CE2CCF600A54881 /* AppDelegate.m in Sources */,
				2209BDEF1CE2F137001FBAC7 /* GridCell.m in Sources */,
				22C1C0061CED81EE00288149 /* DownloadJSON.m in Sources */,
				223709BF1CE2CCF600A54881 /* main.m in Sources */,
			);
			runOnlyForDeploymentPostprocessing = 0;
		};
/* End PBXSourcesBuildPhase section */

/* Begin PBXVariantGroup section */
		223709C61CE2CCF600A54881 /* Main.storyboard */ = {
			isa = PBXVariantGroup;
			children = (
				223709C71CE2CCF600A54881 /* Base */,
			);
			name = Main.storyboard;
			sourceTree = "<group>";
		};
		223709CB1CE2CCF600A54881 /* LaunchScreen.storyboard */ = {
			isa = PBXVariantGroup;
			children = (
				223709CC1CE2CCF600A54881 /* Base */,
			);
			name = LaunchScreen.storyboard;
			sourceTree = "<group>";
		};
/* End PBXVariantGroup section */

/* Begin XCBuildConfiguration section */
		223709CF1CE2CCF600A54881 /* Debug */ = {
			isa = XCBuildConfiguration;
			buildSettings = {
				ALWAYS_SEARCH_USER_PATHS = NO;
				CLANG_ANALYZER_NONNULL = YES;
				CLANG_CXX_LANGUAGE_STANDARD = "gnu++0x";
				CLANG_CXX_LIBRARY = "libc++";
				CLANG_ENABLE_MODULES = YES;
				CLANG_ENABLE_OBJC_ARC = YES;
				CLANG_WARN_BOOL_CONVERSION = YES;
				CLANG_WARN_CONSTANT_CONVERSION = YES;
				CLANG_WARN_DIRECT_OBJC_ISA_USAGE = YES_ERROR;
				CLANG_WARN_EMPTY_BODY = YES;
				CLANG_WARN_ENUM_CONVERSION = YES;
				CLANG_WARN_INT_CONVERSION = YES;
				CLANG_WARN_OBJC_ROOT_CLASS = YES_ERROR;
				CLANG_WARN_UNREACHABLE_CODE = YES;
				CLANG_WARN__DUPLICATE_METHOD_MATCH = YES;
				"CODE_SIGN_IDENTITY[sdk=iphoneos*]" = "iPhone Developer";
				COPY_PHASE_STRIP = NO;
				DEBUG_INFORMATION_FORMAT = dwarf;
				ENABLE_STRICT_OBJC_MSGSEND = YES;
				ENABLE_TESTABILITY = YES;
				GCC_C_LANGUAGE_STANDARD = gnu99;
				GCC_DYNAMIC_NO_PIC = NO;
				GCC_NO_COMMON_BLOCKS = YES;
				GCC_OPTIMIZATION_LEVEL = 0;
				GCC_PRECOMPILE_PREFIX_HEADER = YES;
				GCC_PREPROCESSOR_DEFINITIONS = (
					"DEBUG=1",
					"$(inherited)",
				);
				GCC_WARN_64_TO_32_BIT_CONVERSION = YES;
				GCC_WARN_ABOUT_RETURN_TYPE = YES_ERROR;
				GCC_WARN_UNDECLARED_SELECTOR = YES;
				GCC_WARN_UNINITIALIZED_AUTOS = YES_AGGRESSIVE;
				GCC_WARN_UNUSED_FUNCTION = YES;
				GCC_WARN_UNUSED_VARIABLE = YES;
				IPHONEOS_DEPLOYMENT_TARGET = 9.3;
				MTL_ENABLE_DEBUG_INFO = YES;
				ONLY_ACTIVE_ARCH = YES;
				SDKROOT = iphoneos;
			};
			name = Debug;
		};
		223709D01CE2CCF600A54881 /* Release */ = {
			isa = XCBuildConfiguration;
			buildSettings = {
				ALWAYS_SEARCH_USER_PATHS = NO;
				CLANG_ANALYZER_NONNULL = YES;
				CLANG_CXX_LANGUAGE_STANDARD = "gnu++0x";
				CLANG_CXX_LIBRARY = "libc++";
				CLANG_ENABLE_MODULES = YES;
				CLANG_ENABLE_OBJC_ARC = YES;
				CLANG_WARN_BOOL_CONVERSION = YES;
				CLANG_WARN_CONSTANT_CONVERSION = YES;
				CLANG_WARN_DIRECT_OBJC_ISA_USAGE = YES_ERROR;
				CLANG_WARN_EMPTY_BODY = YES;
				CLANG_WARN_ENUM_CONVERSION = YES;
				CLANG_WARN_INT_CONVERSION = YES;
				CLANG_WARN_OBJC_ROOT_CLASS = YES_ERROR;
				CLANG_WARN_UNREACHABLE_CODE = YES;
				CLANG_WARN__DUPLICATE_METHOD_MATCH = YES;
				"CODE_SIGN_IDENTITY[sdk=iphoneos*]" = "iPhone Developer";
				COPY_PHASE_STRIP = NO;
				DEBUG_INFORMATION_FORMAT = "dwarf-with-dsym";
				ENABLE_NS_ASSERTIONS = NO;
				ENABLE_STRICT_OBJC_MSGSEND = YES;
				GCC_C_LANGUAGE_STANDARD = gnu99;
				GCC_NO_COMMON_BLOCKS = YES;
				GCC_PRECOMPILE_PREFIX_HEADER = YES;
				GCC_WARN_64_TO_32_BIT_CONVERSION = YES;
				GCC_WARN_ABOUT_RETURN_TYPE = YES_ERROR;
				GCC_WARN_UNDECLARED_SELECTOR = YES;
				GCC_WARN_UNINITIALIZED_AUTOS = YES_AGGRESSIVE;
				GCC_WARN_UNUSED_FUNCTION = YES;
				GCC_WARN_UNUSED_VARIABLE = YES;
				IPHONEOS_DEPLOYMENT_TARGET = 9.3;
				MTL_ENABLE_DEBUG_INFO = NO;
				SDKROOT = iphoneos;
				VALIDATE_PRODUCT = YES;
			};
			name = Release;
		};
		223709D21CE2CCF600A54881 /* Debug */ = {
			isa = XCBuildConfiguration;
			buildSettings = {
				ASSETCATALOG_COMPILER_APPICON_NAME = AppIcon;
				FRAMEWORK_SEARCH_PATHS = (
					"$(inherited)",
					"$(PROJECT_DIR)/Carthage/Build/iOS",
				);
				GCC_PREFIX_HEADER = PrefixHeader.pch;
				INFOPLIST_FILE = ImageViewer/Info.plist;
				LD_RUNPATH_SEARCH_PATHS = "$(inherited) @executable_path/Frameworks";
				PRODUCT_BUNDLE_IDENTIFIER = com.khaino.ImageViewer;
				PRODUCT_NAME = "$(TARGET_NAME)";
				TARGETED_DEVICE_FAMILY = "1,2";
			};
			name = Debug;
		};
		223709D31CE2CCF600A54881 /* Release */ = {
			isa = XCBuildConfiguration;
			buildSettings = {
				ASSETCATALOG_COMPILER_APPICON_NAME = AppIcon;
				FRAMEWORK_SEARCH_PATHS = (
					"$(inherited)",
					"$(PROJECT_DIR)/Carthage/Build/iOS",
				);
				GCC_PREFIX_HEADER = PrefixHeader.pch;
				INFOPLIST_FILE = ImageViewer/Info.plist;
				LD_RUNPATH_SEARCH_PATHS = "$(inherited) @executable_path/Frameworks";
				PRODUCT_BUNDLE_IDENTIFIER = com.khaino.ImageViewer;
				PRODUCT_NAME = "$(TARGET_NAME)";
				TARGETED_DEVICE_FAMILY = "1,2";
			};
			name = Release;
		};
/* End XCBuildConfiguration section */

/* Begin XCConfigurationList section */
		223709B51CE2CCF600A54881 /* Build configuration list for PBXProject "ImageViewer" */ = {
			isa = XCConfigurationList;
			buildConfigurations = (
				223709CF1CE2CCF600A54881 /* Debug */,
				223709D01CE2CCF600A54881 /* Release */,
			);
			defaultConfigurationIsVisible = 0;
			defaultConfigurationName = Release;
		};
		223709D11CE2CCF600A54881 /* Build configuration list for PBXNativeTarget "ImageViewer" */ = {
			isa = XCConfigurationList;
			buildConfigurations = (
				223709D21CE2CCF600A54881 /* Debug */,
				223709D31CE2CCF600A54881 /* Release */,
			);
			defaultConfigurationIsVisible = 0;
			defaultConfigurationName = Release;
		};
/* End XCConfigurationList section */
	};
	rootObject = 223709B21CE2CCF600A54881 /* Project object */;
}
